cookbook 'chef-graylog2', :path => '/Users/vitalis/Dev/chef-graylog2'
cookbook 'apt', :git => 'https://github.com/opscode-cookbooks/apt.git', :ref => 'd9011dcfc4af935a7c5b5be512f90499f08683ba'
cookbook 'yum', :git => 'https://github.com/opscode-cookbooks/yum.git', :ref => 'cdb27c99afba9960eea40b0a9fa14d29a8710808'
cookbook 'java', :git => 'https://github.com/opscode-cookbooks/java.git', :ref => 'a64d212b4b2a3f00df67067e5b7277bdecc5d3f7'
cookbook 'elasticsearch', :git => 'https://github.com/sebwendel/chef-elasticsearch.git', :ref => 'bbef2b5810a3fba906d4e601f950611d47592853'
cookbook 'mongodb', :git => 'https://github.com/sebwendel/chef-mongodb.git', :ref => '0464bf6f3be2a2f940241953a33c1aa30b88bb4b'
cookbook 'rvm', :git => 'https://github.com/fnichol/chef-rvm.git', :ref => '6411f1194c2f57dc2578e87d9ca89199561512dd'
cookbook 'apache2', :git => 'https://github.com/opscode-cookbooks/apache2.git', :ref => 'e68be53a189c91b3eea7739e52f024debce59b7a'
cookbook 'graylog2', :git => 'https://github.com/sebwendel/chef-graylog2.git', :ref => '9bcc434a221b76e1a9dcd359c5615e38283bbab9'
cookbook 'logrotate', :locked_version => '0.8.2'